
Microsoft Visual Studio Solution File, Format Version 12.00
# Visual Studio Version 16
VisualStudioVersion = 16.0.31025.194
MinimumVisualStudioVersion = 10.0.40219.1
Project("{9A19103F-16F7-4668-BE54-9A1E7A4F7556}") = "Salience.ProAbonoRestClient", "Salience.ProAbonoRestClient\Salience.ProAbonoRestClient.csproj", "{1A403C71-2698-495D-8980-E1A81B8178F5}"
EndProject
Global
	GlobalSection(SolutionConfigurationPlatforms) = preSolution
		Debug|Any CPU = Debug|Any CPU
		Release|Any CPU = Release|Any CPU
	EndGlobalSection
	GlobalSection(ProjectConfigurationPlatforms) = postSolution
		{1A403C71-2698-495D-8980-E1A81B8178F5}.Debug|Any CPU.ActiveCfg = Debug|Any CPU
		{1A403C71-2698-495D-8980-E1A81B8178F5}.Debug|Any CPU.Build.0 = Debug|Any CPU
		{1A403C71-2698-495D-8980-E1A81B8178F5}.Release|Any CPU.ActiveCfg = Release|Any CPU
		{1A403C71-2698-495D-8980-E1A81B8178F5}.Release|Any CPU.Build.0 = Release|Any CPU
	EndGlobalSection
	GlobalSection(SolutionProperties) = preSolution
		HideSolutionNode = FALSE
	EndGlobalSection
	GlobalSection(ExtensibilityGlobals) = postSolution
		SolutionGuid = {E58C5370-4706-48CF-8B84-1BBF1A56309D}
	EndGlobalSection
EndGlobal
